
Microsoft Visual Studio Solution File, Format Version 12.00
# Visual Studio Version 17
VisualStudioVersion = 17.6.33723.286
MinimumVisualStudioVersion = 10.0.40219.1
Project("{9A19103F-16F7-4668-BE54-9A1E7A4F7556}") = "2.Arrays and Lists - Lists", "2.Arrays and Lists - Lists\2.Arrays and Lists - Lists.csproj", "{C44CFD7F-EC23-4E99-9EC9-601185D556C2}"
EndProject
Project("{9A19103F-16F7-4668-BE54-9A1E7A4F7556}") = "4.Dictionaries and Sets - User Details", "4.Dictionaries and Sets\4.Dictionaries and Sets - User Details.csproj", "{AC397DCA-A02A-4DBC-94A4-EAD5896F2632}"
EndProject
Project("{9A19103F-16F7-4668-BE54-9A1E7A4F7556}") = "2.Arrays and Lists - Sorting Algorithms", "2.Arrays and Lists - Sorting Algorithms\2.Arrays and Lists - Sorting Algorithms.csproj", "{818245D9-0C27-41FE-9386-85AC6BBCFD44}"
EndProject
Project("{9A19103F-16F7-4668-BE54-9A1E7A4F7556}") = "3.Stacks and Queues", "3.Stacks and Queues\3.Stacks and Queues.csproj", "{3F68CB71-7DEC-4DC9-B124-E5C208622A08}"
EndProject
Project("{9A19103F-16F7-4668-BE54-9A1E7A4F7556}") = "4.Dictionaries and Sets - Coupon", "4.Dictionaries and Sets - Coupon\4.Dictionaries and Sets - Coupon.csproj", "{18C99F75-CC47-48C3-A88B-9C263865748D}"
EndProject
Project("{9A19103F-16F7-4668-BE54-9A1E7A4F7556}") = "4.Dictionaries and Sets - Swimming pool", "4.Dictionaries and Sets - Swimming pool\4.Dictionaries and Sets - Swimming pool.csproj", "{ECF9A7BA-6F62-4D94-AFA9-11876BB71B51}"
EndProject
Project("{9A19103F-16F7-4668-BE54-9A1E7A4F7556}") = "4.Dictionaries and Sets - Duplicates", "4.Dictionaries and Sets - Duplicates\4.Dictionaries and Sets - Duplicates.csproj", "{CB83A3DE-4AE3-47CC-97E2-7F06C06B8979}"
EndProject
Project("{9A19103F-16F7-4668-BE54-9A1E7A4F7556}") = "5.Trees - Binary trees", "5.Trees - Binary trees\5.Trees - Binary trees.csproj", "{E5570A29-CD5E-4A79-A731-6DE4F3AC94A8}"
EndProject
Project("{9A19103F-16F7-4668-BE54-9A1E7A4F7556}") = "5.Trees - AVL", "5.Trees - AVL\5.Trees - AVL.csproj", "{F5B79B34-13BC-4287-9B2A-0BF6C335249B}"
EndProject
Project("{FAE04EC0-301F-11D3-BF4B-00C04F79EFBC}") = "6.Graphs", "6.Graphs\6.Graphs.csproj", "{15DCC0C6-E1A0-4DFD-8FCE-CD285DC08494}"
EndProject
Global
	GlobalSection(SolutionConfigurationPlatforms) = preSolution
		Debug|Any CPU = Debug|Any CPU
		Release|Any CPU = Release|Any CPU
	EndGlobalSection
	GlobalSection(ProjectConfigurationPlatforms) = postSolution
		{C44CFD7F-EC23-4E99-9EC9-601185D556C2}.Debug|Any CPU.ActiveCfg = Debug|Any CPU
		{C44CFD7F-EC23-4E99-9EC9-601185D556C2}.Debug|Any CPU.Build.0 = Debug|Any CPU
		{C44CFD7F-EC23-4E99-9EC9-601185D556C2}.Release|Any CPU.ActiveCfg = Release|Any CPU
		{C44CFD7F-EC23-4E99-9EC9-601185D556C2}.Release|Any CPU.Build.0 = Release|Any CPU
		{AC397DCA-A02A-4DBC-94A4-EAD5896F2632}.Debug|Any CPU.ActiveCfg = Debug|Any CPU
		{AC397DCA-A02A-4DBC-94A4-EAD5896F2632}.Debug|Any CPU.Build.0 = Debug|Any CPU
		{AC397DCA-A02A-4DBC-94A4-EAD5896F2632}.Release|Any CPU.ActiveCfg = Release|Any CPU
		{AC397DCA-A02A-4DBC-94A4-EAD5896F2632}.Release|Any CPU.Build.0 = Release|Any CPU
		{818245D9-0C27-41FE-9386-85AC6BBCFD44}.Debug|Any CPU.ActiveCfg = Debug|Any CPU
		{818245D9-0C27-41FE-9386-85AC6BBCFD44}.Debug|Any CPU.Build.0 = Debug|Any CPU
		{818245D9-0C27-41FE-9386-85AC6BBCFD44}.Release|Any CPU.ActiveCfg = Release|Any CPU
		{818245D9-0C27-41FE-9386-85AC6BBCFD44}.Release|Any CPU.Build.0 = Release|Any CPU
		{3F68CB71-7DEC-4DC9-B124-E5C208622A08}.Debug|Any CPU.ActiveCfg = Debug|Any CPU
		{3F68CB71-7DEC-4DC9-B124-E5C208622A08}.Debug|Any CPU.Build.0 = Debug|Any CPU
		{3F68CB71-7DEC-4DC9-B124-E5C208622A08}.Release|Any CPU.ActiveCfg = Release|Any CPU
		{3F68CB71-7DEC-4DC9-B124-E5C208622A08}.Release|Any CPU.Build.0 = Release|Any CPU
		{18C99F75-CC47-48C3-A88B-9C263865748D}.Debug|Any CPU.ActiveCfg = Debug|Any CPU
		{18C99F75-CC47-48C3-A88B-9C263865748D}.Debug|Any CPU.Build.0 = Debug|Any CPU
		{18C99F75-CC47-48C3-A88B-9C263865748D}.Release|Any CPU.ActiveCfg = Release|Any CPU
		{18C99F75-CC47-48C3-A88B-9C263865748D}.Release|Any CPU.Build.0 = Release|Any CPU
		{ECF9A7BA-6F62-4D94-AFA9-11876BB71B51}.Debug|Any CPU.ActiveCfg = Debug|Any CPU
		{ECF9A7BA-6F62-4D94-AFA9-11876BB71B51}.Debug|Any CPU.Build.0 = Debug|Any CPU
		{ECF9A7BA-6F62-4D94-AFA9-11876BB71B51}.Release|Any CPU.ActiveCfg = Release|Any CPU
		{ECF9A7BA-6F62-4D94-AFA9-11876BB71B51}.Release|Any CPU.Build.0 = Release|Any CPU
		{CB83A3DE-4AE3-47CC-97E2-7F06C06B8979}.Debug|Any CPU.ActiveCfg = Debug|Any CPU
		{CB83A3DE-4AE3-47CC-97E2-7F06C06B8979}.Debug|Any CPU.Build.0 = Debug|Any CPU
		{CB83A3DE-4AE3-47CC-97E2-7F06C06B8979}.Release|Any CPU.ActiveCfg = Release|Any CPU
		{CB83A3DE-4AE3-47CC-97E2-7F06C06B8979}.Release|Any CPU.Build.0 = Release|Any CPU
		{E5570A29-CD5E-4A79-A731-6DE4F3AC94A8}.Debug|Any CPU.ActiveCfg = Debug|Any CPU
		{E5570A29-CD5E-4A79-A731-6DE4F3AC94A8}.Debug|Any CPU.Build.0 = Debug|Any CPU
		{E5570A29-CD5E-4A79-A731-6DE4F3AC94A8}.Release|Any CPU.ActiveCfg = Release|Any CPU
		{E5570A29-CD5E-4A79-A731-6DE4F3AC94A8}.Release|Any CPU.Build.0 = Release|Any CPU
		{F5B79B34-13BC-4287-9B2A-0BF6C335249B}.Debug|Any CPU.ActiveCfg = Debug|Any CPU
		{F5B79B34-13BC-4287-9B2A-0BF6C335249B}.Debug|Any CPU.Build.0 = Debug|Any CPU
		{F5B79B34-13BC-4287-9B2A-0BF6C335249B}.Release|Any CPU.ActiveCfg = Release|Any CPU
		{F5B79B34-13BC-4287-9B2A-0BF6C335249B}.Release|Any CPU.Build.0 = Release|Any CPU
		{15DCC0C6-E1A0-4DFD-8FCE-CD285DC08494}.Debug|Any CPU.ActiveCfg = Debug|Any CPU
		{15DCC0C6-E1A0-4DFD-8FCE-CD285DC08494}.Debug|Any CPU.Build.0 = Debug|Any CPU
		{15DCC0C6-E1A0-4DFD-8FCE-CD285DC08494}.Release|Any CPU.ActiveCfg = Release|Any CPU
		{15DCC0C6-E1A0-4DFD-8FCE-CD285DC08494}.Release|Any CPU.Build.0 = Release|Any CPU
	EndGlobalSection
	GlobalSection(SolutionProperties) = preSolution
		HideSolutionNode = FALSE
	EndGlobalSection
	GlobalSection(ExtensibilityGlobals) = postSolution
		SolutionGuid = {68867750-2266-4905-9C5C-EA75F0AB92F5}
	EndGlobalSection
EndGlobal
